
Microsoft Visual Studio Solution File, Format Version 12.00
# Visual Studio Version 16
VisualStudioVersion = 16.0.31605.320
MinimumVisualStudioVersion = 10.0.40219.1
Project("{888888A0-9F3D-457C-B088-3A5042F75D52}") = "yt_dlp", "yt_dlp\yt_dlp.pyproj", "{987A7ED8-0699-41AE-B96C-FB987AE3BAA9}"
EndProject
Global
	GlobalSection(SolutionConfigurationPlatforms) = preSolution
		Debug|Any CPU = Debug|Any CPU
		Release|Any CPU = Release|Any CPU
	EndGlobalSection
	GlobalSection(ProjectConfigurationPlatforms) = postSolution
		{987A7ED8-0699-41AE-B96C-FB987AE3BAA9}.Debug|Any CPU.ActiveCfg = Debug|Any CPU
		{987A7ED8-0699-41AE-B96C-FB987AE3BAA9}.Release|Any CPU.ActiveCfg = Release|Any CPU
	EndGlobalSection
	GlobalSection(SolutionProperties) = preSolution
		HideSolutionNode = FALSE
	EndGlobalSection
	GlobalSection(ExtensibilityGlobals) = postSolution
		SolutionGuid = {6C08E676-FB87-4FF5-84BB-E8608C10BF57}
	EndGlobalSection
EndGlobal
